// !$*UTF8*$!
{
	archiveVersion = 1;
	classes = {
	};
	objectVersion = 50;
	objects = {

/* Begin PBXBuildFile section */
		04A62FA327C12B77009E9806 /* Images.xcassets in Resources */ = {isa = PBXBuildFile; fileRef = 04A62FA227C12B77009E9806 /* Images.xcassets */; };
		294B627D25D29DC600BF8787 /* AppDelegate.swift in Sources */ = {isa = PBXBuildFile; fileRef = 294B627C25D29DC600BF8787 /* AppDelegate.swift */; };
		294B627F25D29DC600BF8787 /* SceneDelegate.swift in Sources */ = {isa = PBXBuildFile; fileRef = 294B627E25D29DC600BF8787 /* SceneDelegate.swift */; };
		294B628125D29DC600BF8787 /* ViewController.swift in Sources */ = {isa = PBXBuildFile; fileRef = 294B628025D29DC600BF8787 /* ViewController.swift */; };
		294B628625D29DC700BF8787 /* AppIcon.xcassets in Resources */ = {isa = PBXBuildFile; fileRef = 294B628525D29DC700BF8787 /* AppIcon.xcassets */; };
		294B628925D29DC700BF8787 /* LaunchScreen.storyboard in Resources */ = {isa = PBXBuildFile; fileRef = 294B628725D29DC700BF8787 /* LaunchScreen.storyboard */; };
		294B629425D29DC700BF8787 /* SSLPinningTests.swift in Sources */ = {isa = PBXBuildFile; fileRef = 294B629325D29DC700BF8787 /* SSLPinningTests.swift */; };
		294B629F25D29DC800BF8787 /* SSLPinningUITests.swift in Sources */ = {isa = PBXBuildFile; fileRef = 294B629E25D29DC800BF8787 /* SSLPinningUITests.swift */; };
		294B62B025D29DD300BF8787 /* SSLPinningManager.swift in Sources */ = {isa = PBXBuildFile; fileRef = 294B62AF25D29DD300BF8787 /* SSLPinningManager.swift */; };
		294B62B525D2A1EB00BF8787 /* GlobalSign.cer in Resources */ = {isa = PBXBuildFile; fileRef = 294B62B425D2A1EB00BF8787 /* GlobalSign.cer */; };
/* End PBXBuildFile section */

/* Begin PBXContainerItemProxy section */
		294B629025D29DC700BF8787 /* PBXContainerItemProxy */ = {
			isa = PBXContainerItemProxy;
			containerPortal = 294B627125D29DC600BF8787 /* Project object */;
			proxyType = 1;
			remoteGlobalIDString = 294B627825D29DC600BF8787;
			remoteInfo = SSlPinning;
		};
		294B629B25D29DC800BF8787 /* PBXContainerItemProxy */ = {
			isa = PBXContainerItemProxy;
			containerPortal = 294B627125D29DC600BF8787 /* Project object */;
			proxyType = 1;
			remoteGlobalIDString = 294B627825D29DC600BF8787;
			remoteInfo = SSlPinning;
		};
/* End PBXContainerItemProxy section */

/* Begin PBXFileReference section */
		04A62FA227C12B77009E9806 /* Images.xcassets */ = {isa = PBXFileReference; lastKnownFileType = folder.assetcatalog; path = Images.xcassets; sourceTree = "<group>"; };
		294B627925D29DC600BF8787 /* SSLPinning.app */ = {isa = PBXFileReference; explicitFileType = wrapper.application; includeInIndex = 0; path = SSLPinning.app; sourceTree = BUILT_PRODUCTS_DIR; };
		294B627C25D29DC600BF8787 /* AppDelegate.swift */ = {isa = PBXFileReference; lastKnownFileType = sourcecode.swift; path = AppDelegate.swift; sourceTree = "<group>"; };
		294B627E25D29DC600BF8787 /* SceneDelegate.swift */ = {isa = PBXFileReference; lastKnownFileType = sourcecode.swift; path = SceneDelegate.swift; sourceTree = "<group>"; };
		294B628025D29DC600BF8787 /* ViewController.swift */ = {isa = PBXFileReference; lastKnownFileType = sourcecode.swift; path = ViewController.swift; sourceTree = "<group>"; };
		294B628525D29DC700BF8787 /* AppIcon.xcassets */ = {isa = PBXFileReference; lastKnownFileType = folder.assetcatalog; path = AppIcon.xcassets; sourceTree = "<group>"; };
		294B628825D29DC700BF8787 /* Base */ = {isa = PBXFileReference; lastKnownFileType = file.storyboard; name = Base; path = Base.lproj/LaunchScreen.storyboard; sourceTree = "<group>"; };
		294B628A25D29DC700BF8787 /* Info.plist */ = {isa = PBXFileReference; lastKnownFileType = text.plist.xml; path = Info.plist; sourceTree = "<group>"; };
		294B628F25D29DC700BF8787 /* SSLPinningTests.xctest */ = {isa = PBXFileReference; explicitFileType = wrapper.cfbundle; includeInIndex = 0; path = SSLPinningTests.xctest; sourceTree = BUILT_PRODUCTS_DIR; };
		294B629325D29DC700BF8787 /* SSLPinningTests.swift */ = {isa = PBXFileReference; lastKnownFileType = sourcecode.swift; path = SSLPinningTests.swift; sourceTree = "<group>"; };
		294B629525D29DC700BF8787 /* Info.plist */ = {isa = PBXFileReference; lastKnownFileType = text.plist.xml; path = Info.plist; sourceTree = "<group>"; };
		294B629A25D29DC800BF8787 /* SSLPinningUITests.xctest */ = {isa = PBXFileReference; explicitFileType = wrapper.cfbundle; includeInIndex = 0; path = SSLPinningUITests.xctest; sourceTree = BUILT_PRODUCTS_DIR; };
		294B629E25D29DC800BF8787 /* SSLPinningUITests.swift */ = {isa = PBXFileReference; lastKnownFileType = sourcecode.swift; path = SSLPinningUITests.swift; sourceTree = "<group>"; };
		294B62A025D29DC800BF8787 /* Info.plist */ = {isa = PBXFileReference; lastKnownFileType = text.plist.xml; path = Info.plist; sourceTree = "<group>"; };
		294B62AF25D29DD300BF8787 /* SSLPinningManager.swift */ = {isa = PBXFileReference; lastKnownFileType = sourcecode.swift; path = SSLPinningManager.swift; sourceTree = "<group>"; };
		294B62B425D2A1EB00BF8787 /* GlobalSign.cer */ = {isa = PBXFileReference; lastKnownFileType = file; path = GlobalSign.cer; sourceTree = "<group>"; };
/* End PBXFileReference section */

/* Begin PBXFrameworksBuildPhase section */
		294B627625D29DC600BF8787 /* Frameworks */ = {
			isa = PBXFrameworksBuildPhase;
			buildActionMask = 2147483647;
			files = (
			);
			runOnlyForDeploymentPostprocessing = 0;
		};
		294B628C25D29DC700BF8787 /* Frameworks */ = {
			isa = PBXFrameworksBuildPhase;
			buildActionMask = 2147483647;
			files = (
			);
			runOnlyForDeploymentPostprocessing = 0;
		};
		294B629725D29DC800BF8787 /* Frameworks */ = {
			isa = PBXFrameworksBuildPhase;
			buildActionMask = 2147483647;
			files = (
			);
			runOnlyForDeploymentPostprocessing = 0;
		};
/* End PBXFrameworksBuildPhase section */

/* Begin PBXGroup section */
		04A62F9727C12804009E9806 /* Application */ = {
			isa = PBXGroup;
			children = (
				04A62F9927C12816009E9806 /* SceneDelegate */,
				04A62F9827C1280E009E9806 /* AppDelegate */,
			);
			path = Application;
			sourceTree = "<group>";
		};
		04A62F9827C1280E009E9806 /* AppDelegate */ = {
			isa = PBXGroup;
			children = (
				294B627C25D29DC600BF8787 /* AppDelegate.swift */,
			);
			path = AppDelegate;
			sourceTree = "<group>";
		};
		04A62F9927C12816009E9806 /* SceneDelegate */ = {
			isa = PBXGroup;
			children = (
				294B627E25D29DC600BF8787 /* SceneDelegate.swift */,
			);
			path = SceneDelegate;
			sourceTree = "<group>";
		};
		04A62F9A27C12822009E9806 /* UserStory */ = {
			isa = PBXGroup;
			children = (
				294B628025D29DC600BF8787 /* ViewController.swift */,
			);
			path = UserStory;
			sourceTree = "<group>";
		};
		04A62F9B27C12850009E9806 /* BundleFiles */ = {
			isa = PBXGroup;
			children = (
				04A62FA027C12880009E9806 /* Certificates */,
				04A62F9C27C12858009E9806 /* Plist */,
			);
			path = BundleFiles;
			sourceTree = "<group>";
		};
		04A62F9C27C12858009E9806 /* Plist */ = {
			isa = PBXGroup;
			children = (
				294B628A25D29DC700BF8787 /* Info.plist */,
			);
			path = Plist;
			sourceTree = "<group>";
		};
		04A62F9D27C12864009E9806 /* Resources */ = {
			isa = PBXGroup;
			children = (
				04A62FA127C128A0009E9806 /* LaunchScreen */,
				04A62F9E27C1286B009E9806 /* Images */,
			);
			path = Resources;
			sourceTree = "<group>";
		};
		04A62F9E27C1286B009E9806 /* Images */ = {
			isa = PBXGroup;
			children = (
				294B628525D29DC700BF8787 /* AppIcon.xcassets */,
				04A62FA227C12B77009E9806 /* Images.xcassets */,
			);
			path = Images;
			sourceTree = "<group>";
		};
		04A62F9F27C12875009E9806 /* Services */ = {
			isa = PBXGroup;
			children = (
				294B62AF25D29DD300BF8787 /* SSLPinningManager.swift */,
			);
			path = Services;
			sourceTree = "<group>";
		};
		04A62FA027C12880009E9806 /* Certificates */ = {
			isa = PBXGroup;
			children = (
				294B62B425D2A1EB00BF8787 /* GlobalSign.cer */,
			);
			path = Certificates;
			sourceTree = "<group>";
		};
		04A62FA127C128A0009E9806 /* LaunchScreen */ = {
			isa = PBXGroup;
			children = (
				294B628725D29DC700BF8787 /* LaunchScreen.storyboard */,
			);
			path = LaunchScreen;
			sourceTree = "<group>";
		};
		294B627025D29DC600BF8787 = {
			isa = PBXGroup;
			children = (
				294B627B25D29DC600BF8787 /* SSLPinning */,
				294B629225D29DC700BF8787 /* SSLPinningTests */,
				294B629D25D29DC800BF8787 /* SSLPinningUITests */,
				294B627A25D29DC600BF8787 /* Products */,
			);
			sourceTree = "<group>";
		};
		294B627A25D29DC600BF8787 /* Products */ = {
			isa = PBXGroup;
			children = (
				294B627925D29DC600BF8787 /* SSLPinning.app */,
				294B628F25D29DC700BF8787 /* SSLPinningTests.xctest */,
				294B629A25D29DC800BF8787 /* SSLPinningUITests.xctest */,
			);
			name = Products;
			sourceTree = "<group>";
		};
		294B627B25D29DC600BF8787 /* SSLPinning */ = {
			isa = PBXGroup;
			children = (
				04A62F9727C12804009E9806 /* Application */,
				04A62F9F27C12875009E9806 /* Services */,
				04A62F9D27C12864009E9806 /* Resources */,
				04A62F9B27C12850009E9806 /* BundleFiles */,
				04A62F9A27C12822009E9806 /* UserStory */,
			);
			path = SSLPinning;
			sourceTree = "<group>";
		};
		294B629225D29DC700BF8787 /* SSLPinningTests */ = {
			isa = PBXGroup;
			children = (
				294B629325D29DC700BF8787 /* SSLPinningTests.swift */,
				294B629525D29DC700BF8787 /* Info.plist */,
			);
			path = SSLPinningTests;
			sourceTree = "<group>";
		};
		294B629D25D29DC800BF8787 /* SSLPinningUITests */ = {
			isa = PBXGroup;
			children = (
				294B629E25D29DC800BF8787 /* SSLPinningUITests.swift */,
				294B62A025D29DC800BF8787 /* Info.plist */,
			);
			path = SSLPinningUITests;
			sourceTree = "<group>";
		};
/* End PBXGroup section */

/* Begin PBXNativeTarget section */
		294B627825D29DC600BF8787 /* SSLPinning */ = {
			isa = PBXNativeTarget;
			buildConfigurationList = 294B62A325D29DC800BF8787 /* Build configuration list for PBXNativeTarget "SSLPinning" */;
			buildPhases = (
				294B627525D29DC600BF8787 /* Sources */,
				294B627625D29DC600BF8787 /* Frameworks */,
				294B627725D29DC600BF8787 /* Resources */,
			);
			buildRules = (
			);
			dependencies = (
			);
			name = SSLPinning;
			productName = SSlPinning;
			productReference = 294B627925D29DC600BF8787 /* SSLPinning.app */;
			productType = "com.apple.product-type.application";
		};
		294B628E25D29DC700BF8787 /* SSLPinningTests */ = {
			isa = PBXNativeTarget;
			buildConfigurationList = 294B62A625D29DC800BF8787 /* Build configuration list for PBXNativeTarget "SSLPinningTests" */;
			buildPhases = (
				294B628B25D29DC700BF8787 /* Sources */,
				294B628C25D29DC700BF8787 /* Frameworks */,
				294B628D25D29DC700BF8787 /* Resources */,
			);
			buildRules = (
			);
			dependencies = (
				294B629125D29DC700BF8787 /* PBXTargetDependency */,
			);
			name = SSLPinningTests;
			productName = SSlPinningTests;
			productReference = 294B628F25D29DC700BF8787 /* SSLPinningTests.xctest */;
			productType = "com.apple.product-type.bundle.unit-test";
		};
		294B629925D29DC800BF8787 /* SSLPinningUITests */ = {
			isa = PBXNativeTarget;
			buildConfigurationList = 294B62A925D29DC800BF8787 /* Build configuration list for PBXNativeTarget "SSLPinningUITests" */;
			buildPhases = (
				294B629625D29DC800BF8787 /* Sources */,
				294B629725D29DC800BF8787 /* Frameworks */,
				294B629825D29DC800BF8787 /* Resources */,
			);
			buildRules = (
			);
			dependencies = (
				294B629C25D29DC800BF8787 /* PBXTargetDependency */,
			);
			name = SSLPinningUITests;
			productName = SSlPinningUITests;
			productReference = 294B629A25D29DC800BF8787 /* SSLPinningUITests.xctest */;
			productType = "com.apple.product-type.bundle.ui-testing";
		};
/* End PBXNativeTarget section */

/* Begin PBXProject section */
		294B627125D29DC600BF8787 /* Project object */ = {
			isa = PBXProject;
			attributes = {
				LastSwiftUpdateCheck = 1230;
				LastUpgradeCheck = 1230;
				TargetAttributes = {
					294B627825D29DC600BF8787 = {
						CreatedOnToolsVersion = 12.3;
					};
					294B628E25D29DC700BF8787 = {
						CreatedOnToolsVersion = 12.3;
						TestTargetID = 294B627825D29DC600BF8787;
					};
					294B629925D29DC800BF8787 = {
						CreatedOnToolsVersion = 12.3;
						TestTargetID = 294B627825D29DC600BF8787;
					};
				};
			};
			buildConfigurationList = 294B627425D29DC600BF8787 /* Build configuration list for PBXProject "SSLPinning" */;
			compatibilityVersion = "Xcode 9.3";
			developmentRegion = en;
			hasScannedForEncodings = 0;
			knownRegions = (
				en,
				Base,
			);
			mainGroup = 294B627025D29DC600BF8787;
			productRefGroup = 294B627A25D29DC600BF8787 /* Products */;
			projectDirPath = "";
			projectRoot = "";
			targets = (
				294B627825D29DC600BF8787 /* SSLPinning */,
				294B628E25D29DC700BF8787 /* SSLPinningTests */,
				294B629925D29DC800BF8787 /* SSLPinningUITests */,
			);
		};
/* End PBXProject section */

/* Begin PBXResourcesBuildPhase section */
		294B627725D29DC600BF8787 /* Resources */ = {
			isa = PBXResourcesBuildPhase;
			buildActionMask = 2147483647;
			files = (
				294B62B525D2A1EB00BF8787 /* GlobalSign.cer in Resources */,
				04A62FA327C12B77009E9806 /* Images.xcassets in Resources */,
				294B628925D29DC700BF8787 /* LaunchScreen.storyboard in Resources */,
				294B628625D29DC700BF8787 /* AppIcon.xcassets in Resources */,
			);
			runOnlyForDeploymentPostprocessing = 0;
		};
		294B628D25D29DC700BF8787 /* Resources */ = {
			isa = PBXResourcesBuildPhase;
			buildActionMask = 2147483647;
			files = (
			);
			runOnlyForDeploymentPostprocessing = 0;
		};
		294B629825D29DC800BF8787 /* Resources */ = {
			isa = PBXResourcesBuildPhase;
			buildActionMask = 2147483647;
			files = (
			);
			runOnlyForDeploymentPostprocessing = 0;
		};
/* End PBXResourcesBuildPhase section */

/* Begin PBXSourcesBuildPhase section */
		294B627525D29DC600BF8787 /* Sources */ = {
			isa = PBXSourcesBuildPhase;
			buildActionMask = 2147483647;
			files = (
				294B628125D29DC600BF8787 /* ViewController.swift in Sources */,
				294B627D25D29DC600BF8787 /* AppDelegate.swift in Sources */,
				294B62B025D29DD300BF8787 /* SSLPinningManager.swift in Sources */,
				294B627F25D29DC600BF8787 /* SceneDelegate.swift in Sources */,
			);
			runOnlyForDeploymentPostprocessing = 0;
		};
		294B628B25D29DC700BF8787 /* Sources */ = {
			isa = PBXSourcesBuildPhase;
			buildActionMask = 2147483647;
			files = (
				294B629425D29DC700BF8787 /* SSLPinningTests.swift in Sources */,
			);
			runOnlyForDeploymentPostprocessing = 0;
		};
		294B629625D29DC800BF8787 /* Sources */ = {
			isa = PBXSourcesBuildPhase;
			buildActionMask = 2147483647;
			files = (
				294B629F25D29DC800BF8787 /* SSLPinningUITests.swift in Sources */,
			);
			runOnlyForDeploymentPostprocessing = 0;
		};
/* End PBXSourcesBuildPhase section */

/* Begin PBXTargetDependency section */
		294B629125D29DC700BF8787 /* PBXTargetDependency */ = {
			isa = PBXTargetDependency;
			target = 294B627825D29DC600BF8787 /* SSLPinning */;
			targetProxy = 294B629025D29DC700BF8787 /* PBXContainerItemProxy */;
		};
		294B629C25D29DC800BF8787 /* PBXTargetDependency */ = {
			isa = PBXTargetDependency;
			target = 294B627825D29DC600BF8787 /* SSLPinning */;
			targetProxy = 294B629B25D29DC800BF8787 /* PBXContainerItemProxy */;
		};
/* End PBXTargetDependency section */

/* Begin PBXVariantGroup section */
		294B628725D29DC700BF8787 /* LaunchScreen.storyboard */ = {
			isa = PBXVariantGroup;
			children = (
				294B628825D29DC700BF8787 /* Base */,
			);
			name = LaunchScreen.storyboard;
			sourceTree = "<group>";
		};
/* End PBXVariantGroup section */

/* Begin XCBuildConfiguration section */
		294B62A125D29DC800BF8787 /* Debug */ = {
			isa = XCBuildConfiguration;
			buildSettings = {
				ALWAYS_SEARCH_USER_PATHS = NO;
				CLANG_ANALYZER_NONNULL = YES;
				CLANG_ANALYZER_NUMBER_OBJECT_CONVERSION = YES_AGGRESSIVE;
				CLANG_CXX_LANGUAGE_STANDARD = "gnu++14";
				CLANG_CXX_LIBRARY = "libc++";
				CLANG_ENABLE_MODULES = YES;
				CLANG_ENABLE_OBJC_ARC = YES;
				CLANG_ENABLE_OBJC_WEAK = YES;
				CLANG_WARN_BLOCK_CAPTURE_AUTORELEASING = YES;
				CLANG_WARN_BOOL_CONVERSION = YES;
				CLANG_WARN_COMMA = YES;
				CLANG_WARN_CONSTANT_CONVERSION = YES;
				CLANG_WARN_DEPRECATED_OBJC_IMPLEMENTATIONS = YES;
				CLANG_WARN_DIRECT_OBJC_ISA_USAGE = YES_ERROR;
				CLANG_WARN_DOCUMENTATION_COMMENTS = YES;
				CLANG_WARN_EMPTY_BODY = YES;
				CLANG_WARN_ENUM_CONVERSION = YES;
				CLANG_WARN_INFINITE_RECURSION = YES;
				CLANG_WARN_INT_CONVERSION = YES;
				CLANG_WARN_NON_LITERAL_NULL_CONVERSION = YES;
				CLANG_WARN_OBJC_IMPLICIT_RETAIN_SELF = YES;
				CLANG_WARN_OBJC_LITERAL_CONVERSION = YES;
				CLANG_WARN_OBJC_ROOT_CLASS = YES_ERROR;
				CLANG_WARN_QUOTED_INCLUDE_IN_FRAMEWORK_HEADER = YES;
				CLANG_WARN_RANGE_LOOP_ANALYSIS = YES;
				CLANG_WARN_STRICT_PROTOTYPES = YES;
				CLANG_WARN_SUSPICIOUS_MOVE = YES;
				CLANG_WARN_UNGUARDED_AVAILABILITY = YES_AGGRESSIVE;
				CLANG_WARN_UNREACHABLE_CODE = YES;
				CLANG_WARN__DUPLICATE_METHOD_MATCH = YES;
				COPY_PHASE_STRIP = NO;
				DEBUG_INFORMATION_FORMAT = dwarf;
				ENABLE_STRICT_OBJC_MSGSEND = YES;
				ENABLE_TESTABILITY = YES;
				GCC_C_LANGUAGE_STANDARD = gnu11;
				GCC_DYNAMIC_NO_PIC = NO;
				GCC_NO_COMMON_BLOCKS = YES;
				GCC_OPTIMIZATION_LEVEL = 0;
				GCC_PREPROCESSOR_DEFINITIONS = (
					"DEBUG=1",
					"$(inherited)",
				);
				GCC_WARN_64_TO_32_BIT_CONVERSION = YES;
				GCC_WARN_ABOUT_RETURN_TYPE = YES_ERROR;
				GCC_WARN_UNDECLARED_SELECTOR = YES;
				GCC_WARN_UNINITIALIZED_AUTOS = YES_AGGRESSIVE;
				GCC_WARN_UNUSED_FUNCTION = YES;
				GCC_WARN_UNUSED_VARIABLE = YES;
				IPHONEOS_DEPLOYMENT_TARGET = 13.0;
				MTL_ENABLE_DEBUG_INFO = INCLUDE_SOURCE;
				MTL_FAST_MATH = YES;
				ONLY_ACTIVE_ARCH = YES;
				SDKROOT = iphoneos;
				SWIFT_ACTIVE_COMPILATION_CONDITIONS = DEBUG;
				SWIFT_OPTIMIZATION_LEVEL = "-Onone";
			};
			name = Debug;
		};
		294B62A225D29DC800BF8787 /* Release */ = {
			isa = XCBuildConfiguration;
			buildSettings = {
				ALWAYS_SEARCH_USER_PATHS = NO;
				CLANG_ANALYZER_NONNULL = YES;
				CLANG_ANALYZER_NUMBER_OBJECT_CONVERSION = YES_AGGRESSIVE;
				CLANG_CXX_LANGUAGE_STANDARD = "gnu++14";
				CLANG_CXX_LIBRARY = "libc++";
				CLANG_ENABLE_MODULES = YES;
				CLANG_ENABLE_OBJC_ARC = YES;
				CLANG_ENABLE_OBJC_WEAK = YES;
				CLANG_WARN_BLOCK_CAPTURE_AUTORELEASING = YES;
				CLANG_WARN_BOOL_CONVERSION = YES;
				CLANG_WARN_COMMA = YES;
				CLANG_WARN_CONSTANT_CONVERSION = YES;
				CLANG_WARN_DEPRECATED_OBJC_IMPLEMENTATIONS = YES;
				CLANG_WARN_DIRECT_OBJC_ISA_USAGE = YES_ERROR;
				CLANG_WARN_DOCUMENTATION_COMMENTS = YES;
				CLANG_WARN_EMPTY_BODY = YES;
				CLANG_WARN_ENUM_CONVERSION = YES;
				CLANG_WARN_INFINITE_RECURSION = YES;
				CLANG_WARN_INT_CONVERSION = YES;
				CLANG_WARN_NON_LITERAL_NULL_CONVERSION = YES;
				CLANG_WARN_OBJC_IMPLICIT_RETAIN_SELF = YES;
				CLANG_WARN_OBJC_LITERAL_CONVERSION = YES;
				CLANG_WARN_OBJC_ROOT_CLASS = YES_ERROR;
				CLANG_WARN_QUOTED_INCLUDE_IN_FRAMEWORK_HEADER = YES;
				CLANG_WARN_RANGE_LOOP_ANALYSIS = YES;
				CLANG_WARN_STRICT_PROTOTYPES = YES;
				CLANG_WARN_SUSPICIOUS_MOVE = YES;
				CLANG_WARN_UNGUARDED_AVAILABILITY = YES_AGGRESSIVE;
				CLANG_WARN_UNREACHABLE_CODE = YES;
				CLANG_WARN__DUPLICATE_METHOD_MATCH = YES;
				COPY_PHASE_STRIP = NO;
				DEBUG_INFORMATION_FORMAT = "dwarf-with-dsym";
				ENABLE_NS_ASSERTIONS = NO;
				ENABLE_STRICT_OBJC_MSGSEND = YES;
				GCC_C_LANGUAGE_STANDARD = gnu11;
				GCC_NO_COMMON_BLOCKS = YES;
				GCC_WARN_64_TO_32_BIT_CONVERSION = YES;
				GCC_WARN_ABOUT_RETURN_TYPE = YES_ERROR;
				GCC_WARN_UNDECLARED_SELECTOR = YES;
				GCC_WARN_UNINITIALIZED_AUTOS = YES_AGGRESSIVE;
				GCC_WARN_UNUSED_FUNCTION = YES;
				GCC_WARN_UNUSED_VARIABLE = YES;
				IPHONEOS_DEPLOYMENT_TARGET = 13.0;
				MTL_ENABLE_DEBUG_INFO = NO;
				MTL_FAST_MATH = YES;
				SDKROOT = iphoneos;
				SWIFT_COMPILATION_MODE = wholemodule;
				SWIFT_OPTIMIZATION_LEVEL = "-O";
				VALIDATE_PRODUCT = YES;
			};
			name = Release;
		};
		294B62A425D29DC800BF8787 /* Debug */ = {
			isa = XCBuildConfiguration;
			buildSettings = {
				ASSETCATALOG_COMPILER_APPICON_NAME = AppIcon;
				ASSETCATALOG_COMPILER_GLOBAL_ACCENT_COLOR_NAME = AccentColor;
				CODE_SIGN_STYLE = Automatic;
				DEVELOPMENT_TEAM = 2WYDYLX5F8;
				INFOPLIST_FILE = "$(SRCROOT)/SSLPinning/BundleFiles/Plist/Info.plist";
				IPHONEOS_DEPLOYMENT_TARGET = 13.0;
				LD_RUNPATH_SEARCH_PATHS = (
					"$(inherited)",
					"@executable_path/Frameworks",
				);
				PRODUCT_BUNDLE_IDENTIFIER = com.serglam.training.SSLPinning;
				PRODUCT_NAME = "$(TARGET_NAME)";
				SWIFT_VERSION = 5.0;
				TARGETED_DEVICE_FAMILY = "1,2";
			};
			name = Debug;
		};
		294B62A525D29DC800BF8787 /* Release */ = {
			isa = XCBuildConfiguration;
			buildSettings = {
				ASSETCATALOG_COMPILER_APPICON_NAME = AppIcon;
				ASSETCATALOG_COMPILER_GLOBAL_ACCENT_COLOR_NAME = AccentColor;
				CODE_SIGN_STYLE = Automatic;
				DEVELOPMENT_TEAM = 2WYDYLX5F8;
				INFOPLIST_FILE = "$(SRCROOT)/SSLPinning/BundleFiles/Plist/Info.plist";
				IPHONEOS_DEPLOYMENT_TARGET = 13.0;
				LD_RUNPATH_SEARCH_PATHS = (
					"$(inherited)",
					"@executable_path/Frameworks",
				);
				PRODUCT_BUNDLE_IDENTIFIER = com.serglam.training.SSLPinning;
				PRODUCT_NAME = "$(TARGET_NAME)";
				SWIFT_VERSION = 5.0;
				TARGETED_DEVICE_FAMILY = "1,2";
			};
			name = Release;
		};
		294B62A725D29DC800BF8787 /* Debug */ = {
			isa = XCBuildConfiguration;
			buildSettings = {
				ALWAYS_EMBED_SWIFT_STANDARD_LIBRARIES = YES;
				BUNDLE_LOADER = "$(TEST_HOST)";
				CODE_SIGN_STYLE = Automatic;
				INFOPLIST_FILE = SSlPinningTests/Info.plist;
				IPHONEOS_DEPLOYMENT_TARGET = 14.3;
				LD_RUNPATH_SEARCH_PATHS = (
					"$(inherited)",
					"@executable_path/Frameworks",
					"@loader_path/Frameworks",
				);
				PRODUCT_BUNDLE_IDENTIFIER = com.training.SSlPinningTests;
				PRODUCT_NAME = "$(TARGET_NAME)";
				SWIFT_VERSION = 5.0;
				TARGETED_DEVICE_FAMILY = "1,2";
				TEST_HOST = "$(BUILT_PRODUCTS_DIR)/SSLPinning.app/SSLPinning";
			};
			name = Debug;
		};
		294B62A825D29DC800BF8787 /* Release */ = {
			isa = XCBuildConfiguration;
			buildSettings = {
				ALWAYS_EMBED_SWIFT_STANDARD_LIBRARIES = YES;
				BUNDLE_LOADER = "$(TEST_HOST)";
				CODE_SIGN_STYLE = Automatic;
				INFOPLIST_FILE = SSlPinningTests/Info.plist;
				IPHONEOS_DEPLOYMENT_TARGET = 14.3;
				LD_RUNPATH_SEARCH_PATHS = (
					"$(inherited)",
					"@executable_path/Frameworks",
					"@loader_path/Frameworks",
				);
				PRODUCT_BUNDLE_IDENTIFIER = com.training.SSlPinningTests;
				PRODUCT_NAME = "$(TARGET_NAME)";
				SWIFT_VERSION = 5.0;
				TARGETED_DEVICE_FAMILY = "1,2";
				TEST_HOST = "$(BUILT_PRODUCTS_DIR)/SSLPinning.app/SSLPinning";
			};
			name = Release;
		};
		294B62AA25D29DC800BF8787 /* Debug */ = {
			isa = XCBuildConfiguration;
			buildSettings = {
				ALWAYS_EMBED_SWIFT_STANDARD_LIBRARIES = YES;
				CODE_SIGN_STYLE = Automatic;
				INFOPLIST_FILE = SSlPinningUITests/Info.plist;
				LD_RUNPATH_SEARCH_PATHS = (
					"$(inherited)",
					"@executable_path/Frameworks",
					"@loader_path/Frameworks",
				);
				PRODUCT_BUNDLE_IDENTIFIER = com.training.SSlPinningUITests;
				PRODUCT_NAME = "$(TARGET_NAME)";
				SWIFT_VERSION = 5.0;
				TARGETED_DEVICE_FAMILY = "1,2";
				TEST_TARGET_NAME = SSlPinning;
			};
			name = Debug;
		};
		294B62AB25D29DC800BF8787 /* Release */ = {
			isa = XCBuildConfiguration;
			buildSettings = {
				ALWAYS_EMBED_SWIFT_STANDARD_LIBRARIES = YES;
				CODE_SIGN_STYLE = Automatic;
				INFOPLIST_FILE = SSlPinningUITests/Info.plist;
				LD_RUNPATH_SEARCH_PATHS = (
					"$(inherited)",
					"@executable_path/Frameworks",
					"@loader_path/Frameworks",
				);
				PRODUCT_BUNDLE_IDENTIFIER = com.training.SSlPinningUITests;
				PRODUCT_NAME = "$(TARGET_NAME)";
				SWIFT_VERSION = 5.0;
				TARGETED_DEVICE_FAMILY = "1,2";
				TEST_TARGET_NAME = SSlPinning;
			};
			name = Release;
		};
/* End XCBuildConfiguration section */

/* Begin XCConfigurationList section */
		294B627425D29DC600BF8787 /* Build configuration list for PBXProject "SSLPinning" */ = {
			isa = XCConfigurationList;
			buildConfigurations = (
				294B62A125D29DC800BF8787 /* Debug */,
				294B62A225D29DC800BF8787 /* Release */,
			);
			defaultConfigurationIsVisible = 0;
			defaultConfigurationName = Release;
		};
		294B62A325D29DC800BF8787 /* Build configuration list for PBXNativeTarget "SSLPinning" */ = {
			isa = XCConfigurationList;
			buildConfigurations = (
				294B62A425D29DC800BF8787 /* Debug */,
				294B62A525D29DC800BF8787 /* Release */,
			);
			defaultConfigurationIsVisible = 0;
			defaultConfigurationName = Release;
		};
		294B62A625D29DC800BF8787 /* Build configuration list for PBXNativeTarget "SSLPinningTests" */ = {
			isa = XCConfigurationList;
			buildConfigurations = (
				294B62A725D29DC800BF8787 /* Debug */,
				294B62A825D29DC800BF8787 /* Release */,
			);
			defaultConfigurationIsVisible = 0;
			defaultConfigurationName = Release;
		};
		294B62A925D29DC800BF8787 /* Build configuration list for PBXNativeTarget "SSLPinningUITests" */ = {
			isa = XCConfigurationList;
			buildConfigurations = (
				294B62AA25D29DC800BF8787 /* Debug */,
				294B62AB25D29DC800BF8787 /* Release */,
			);
			defaultConfigurationIsVisible = 0;
			defaultConfigurationName = Release;
		};
/* End XCConfigurationList section */
	};
	rootObject = 294B627125D29DC600BF8787 /* Project object */;
}
